# This file is automatically @generated by Poetry 1.5.0 and should not be changed by hand.

[[package]]
name = "cffi"
version = "1.15.1"
description = "Foreign Function Interface for Python calling C code."
optional = false
python-versions = "*"
files = [
    {file = "cffi-1.15.1-cp27-cp27m-macosx_10_9_x86_64.whl", hash = "sha256:a66d3508133af6e8548451b25058d5812812ec3798c886bf38ed24a98216fab2"},
    {file = "cffi-1.15.1-cp27-cp27m-manylinux1_i686.whl", hash = "sha256:470c103ae716238bbe698d67ad020e1db9d9dba34fa5a899b5e21577e6d52ed2"},
    {file = "cffi-1.15.1-cp27-cp27m-manylinux1_x86_64.whl", hash = "sha256:9ad5db27f9cabae298d151c85cf2bad1d359a1b9c686a275df03385758e2f914"},
    {file = "cffi-1.15.1-cp27-cp27m-win32.whl", hash = "sha256:b3bbeb01c2b273cca1e1e0c5df57f12dce9a4dd331b4fa1635b8bec26350bde3"},
    {file = "cffi-1.15.1-cp27-cp27m-win_amd64.whl", hash = "sha256:e00b098126fd45523dd056d2efba6c5a63b71ffe9f2bbe1a4fe1716e1d0c331e"},
    {file = "cffi-1.15.1-cp27-cp27mu-manylinux1_i686.whl", hash = "sha256:d61f4695e6c866a23a21acab0509af1cdfd2c013cf256bbf5b6b5e2695827162"},
    {file = "cffi-1.15.1-cp27-cp27mu-manylinux1_x86_64.whl", hash = "sha256:ed9cb427ba5504c1dc15ede7d516b84757c3e3d7868ccc85121d9310d27eed0b"},
    {file = "cffi-1.15.1-cp310-cp310-macosx_10_9_x86_64.whl", hash = "sha256:39d39875251ca8f612b6f33e6b1195af86d1b3e60086068be9cc053aa4376e21"},
    {file = "cffi-1.15.1-cp310-cp310-macosx_11_0_arm64.whl", hash = "sha256:285d29981935eb726a4399badae8f0ffdff4f5050eaa6d0cfc3f64b857b77185"},
    {file = "cffi-1.15.1-cp310-cp310-manylinux_2_12_i686.manylinux2010_i686.manylinux_2_17_i686.manylinux2014_i686.whl", hash = "sha256:3eb6971dcff08619f8d91607cfc726518b6fa2a9eba42856be181c6d0d9515fd"},
    {file = "cffi-1.15.1-cp310-cp310-manylinux_2_17_aarch64.manylinux2014_aarch64.whl", hash = "sha256:21157295583fe8943475029ed5abdcf71eb3911894724e360acff1d61c1d54bc"},
    {file = "cffi-1.15.1-cp310-cp310-manylinux_2_17_ppc64le.manylinux2014_ppc64le.whl", hash = "sha256:5635bd9cb9731e6d4a1132a498dd34f764034a8ce60cef4f5319c0541159392f"},
    {file = "cffi-1.15.1-cp310-cp310-manylinux_2_17_s390x.manylinux2014_s390x.whl", hash = "sha256:2012c72d854c2d03e45d06ae57f40d78e5770d252f195b93f581acf3ba44496e"},
    {file = "cffi-1.15.1-cp310-cp310-manylinux_2_17_x86_64.manylinux2014_x86_64.whl", hash = "sha256:dd86c085fae2efd48ac91dd7ccffcfc0571387fe1193d33b6394db7ef31fe2a4"},
    {file = "cffi-1.15.1-cp310-cp310-musllinux_1_1_i686.whl", hash = "sha256:fa6693661a4c91757f4412306191b6dc88c1703f780c8234035eac011922bc01"},
    {file = "cffi-1.15.1-cp310-cp310-musllinux_1_1_x86_64.whl", hash = "sha256:59c0b02d0a6c384d453fece7566d1c7e6b7bae4fc5874ef2ef46d56776d61c9e"},
    {file = "cffi-1.15.1-cp310-cp310-win32.whl", hash = "sha256:cba9d6b9a7d64d4bd46167096fc9d2f835e25d7e4c121fb2ddfc6528fb0413b2"},
    {file = "cffi-1.15.1-cp310-cp310-win_amd64.whl", hash = "sha256:ce4bcc037df4fc5e3d184794f27bdaab018943698f4ca31630bc7f84a7b69c6d"},
    {file = "cffi-1.15.1-cp311-cp311-macosx_10_9_x86_64.whl", hash = "sha256:3d08afd128ddaa624a48cf2b859afef385b720bb4b43df214f85616922e6a5ac"},
    {file = "cffi-1.15.1-cp311-cp311-macosx_11_0_arm64.whl", hash = "sha256:3799aecf2e17cf585d977b780ce79ff0dc9b78d799fc694221ce814c2c19db83"},
    {file = "cffi-1.15.1-cp311-cp311-manylinux_2_12_i686.manylinux2010_i686.manylinux_2_17_i686.manylinux2014_i686.whl", hash = "sha256:a591fe9e525846e4d154205572a029f653ada1a78b93697f3b5a8f1f2bc055b9"},
    {file = "cffi-1.15.1-cp311-cp311-manylinux_2_17_aarch64.manylinux2014_aarch64.whl", hash = "sha256:3548db281cd7d2561c9ad9984681c95f7b0e38881201e157833a2342c30d5e8c"},
    {file = "cffi-1.15.1-cp311-cp311-manylinux_2_17_ppc64le.manylinux2014_ppc64le.whl", hash = "sha256:91fc98adde3d7881af9b59ed0294046f3806221863722ba7d8d120c575314325"},
    {file = "cffi-1.15.1-cp311-cp311-manylinux_2_17_x86_64.manylinux2014_x86_64.whl", hash = "sha256:94411f22c3985acaec6f83c6df553f2dbe17b698cc7f8ae751ff2237d96b9e3c"},
    {file = "cffi-1.15.1-cp311-cp311-musllinux_1_1_i686.whl", hash = "sha256:03425bdae262c76aad70202debd780501fabeaca237cdfddc008987c0e0f59ef"},
    {file = "cffi-1.15.1-cp311-cp311-musllinux_1_1_x86_64.whl", hash = "sha256:cc4d65aeeaa04136a12677d3dd0b1c0c94dc43abac5860ab33cceb42b801c1e8"},
    {file = "cffi-1.15.1-cp311-cp311-win32.whl", hash = "sha256:a0f100c8912c114ff53e1202d0078b425bee3649ae34d7b070e9697f93c5d52d"},
    {file = "cffi-1.15.1-cp311-cp311-win_amd64.whl", hash = "sha256:04ed324bda3cda42b9b695d51bb7d54b680b9719cfab04227cdd1e04e5de3104"},
    {file = "cffi-1.15.1-cp36-cp36m-macosx_10_9_x86_64.whl", hash = "sha256:50a74364d85fd319352182ef59c5c790484a336f6db772c1a9231f1c3ed0cbd7"},
    {file = "cffi-1.15.1-cp36-cp36m-manylinux_2_17_aarch64.manylinux2014_aarch64.whl", hash = "sha256:e263d77ee3dd201c3a142934a086a4450861778baaeeb45db4591ef65550b0a6"},
    {file = "cffi-1.15.1-cp36-cp36m-manylinux_2_17_ppc64le.manylinux2014_ppc64le.whl", hash = "sha256:cec7d9412a9102bdc577382c3929b337320c4c4c4849f2c5cdd14d7368c5562d"},
    {file = "cffi-1.15.1-cp36-cp36m-manylinux_2_17_s390x.manylinux2014_s390x.whl", hash = "sha256:4289fc34b2f5316fbb762d75362931e351941fa95fa18789191b33fc4cf9504a"},
    {file = "cffi-1.15.1-cp36-cp36m-manylinux_2_5_i686.manylinux1_i686.whl", hash = "sha256:173379135477dc8cac4bc58f45db08ab45d228b3363adb7af79436135d028405"},
    {file = "cffi-1.15.1-cp36-cp36m-manylinux_2_5_x86_64.manylinux1_x86_64.whl", hash = "sha256:6975a3fac6bc83c4a65c9f9fcab9e47019a11d3d2cf7f3c0d03431bf145a941e"},
    {file = "cffi-1.15.1-cp36-cp36m-win32.whl", hash = "sha256:2470043b93ff09bf8fb1d46d1cb756ce6132c54826661a32d4e4d132e1977adf"},
    {file = "cffi-1.15.1-cp36-cp36m-win_amd64.whl", hash = "sha256:30d78fbc8ebf9c92c9b7823ee18eb92f2e6ef79b45ac84db507f52fbe3ec4497"},
    {file = "cffi-1.15.1-cp37-cp37m-macosx_10_9_x86_64.whl", hash = "sha256:198caafb44239b60e252492445da556afafc7d1e3ab7a1fb3f0584ef6d742375"},
    {file = "cffi-1.15.1-cp37-cp37m-manylinux_2_12_i686.manylinux2010_i686.manylinux_2_17_i686.manylinux2014_i686.whl", hash = "sha256:5ef34d190326c3b1f822a5b7a45f6c4535e2f47ed06fec77d3d799c450b2651e"},
    {file = "cffi-1.15.1-cp37-cp37m-manylinux_2_17_aarch64.manylinux2014_aarch64.whl", hash = "sha256:8102eaf27e1e448db915d08afa8b41d6c7ca7a04b7d73af6514df10a3e74bd82"},
    {file = "cffi-1.15.1-cp37-cp37m-manylinux_2_17_ppc64le.manylinux2014_ppc64le.whl", hash = "sha256:5df2768244d19ab7f60546d0c7c63ce1581f7af8b5de3eb3004b9b6fc8a9f84b"},
    {file = "cffi-1.15.1-cp37-cp37m-manylinux_2_17_s390x.manylinux2014_s390x.whl", hash = "sha256:a8c4917bd7ad33e8eb21e9a5bbba979b49d9a97acb3a803092cbc1133e20343c"},
    {file = "cffi-1.15.1-cp37-cp37m-manylinux_2_17_x86_64.manylinux2014_x86_64.whl", hash = "sha256:0e2642fe3142e4cc4af0799748233ad6da94c62a8bec3a6648bf8ee68b1c7426"},
    {file = "cffi-1.15.1-cp37-cp37m-win32.whl", hash = "sha256:e229a521186c75c8ad9490854fd8bbdd9a0c9aa3a524326b55be83b54d4e0ad9"},
    {file = "cffi-1.15.1-cp37-cp37m-win_amd64.whl", hash = "sha256:a0b71b1b8fbf2b96e41c4d990244165e2c9be83d54962a9a1d118fd8657d2045"},
    {file = "cffi-1.15.1-cp38-cp38-macosx_10_9_x86_64.whl", hash = "sha256:320dab6e7cb2eacdf0e658569d2575c4dad258c0fcc794f46215e1e39f90f2c3"},
    {file = "cffi-1.15.1-cp38-cp38-manylinux_2_12_i686.manylinux2010_i686.manylinux_2_17_i686.manylinux2014_i686.whl", hash = "sha256:1e74c6b51a9ed6589199c787bf5f9875612ca4a8a0785fb2d4a84429badaf22a"},
    {file = "cffi-1.15.1-cp38-cp38-manylinux_2_17_aarch64.manylinux2014_aarch64.whl", hash = "sha256:a5c84c68147988265e60416b57fc83425a78058853509c1b0629c180094904a5"},
    {file = "cffi-1.15.1-cp38-cp38-manylinux_2_17_ppc64le.manylinux2014_ppc64le.whl", hash = "sha256:3b926aa83d1edb5aa5b427b4053dc420ec295a08e40911296b9eb1b6170f6cca"},
    {file = "cffi-1.15.1-cp38-cp38-manylinux_2_17_s390x.manylinux2014_s390x.whl", hash = "sha256:87c450779d0914f2861b8526e035c5e6da0a3199d8f1add1a665e1cbc6fc6d02"},
    {file = "cffi-1.15.1-cp38-cp38-manylinux_2_17_x86_64.manylinux2014_x86_64.whl", hash = "sha256:4f2c9f67e9821cad2e5f480bc8d83b8742896f1242dba247911072d4fa94c192"},
    {file = "cffi-1.15.1-cp38-cp38-win32.whl", hash = "sha256:8b7ee99e510d7b66cdb6c593f21c043c248537a32e0bedf02e01e9553a172314"},
    {file = "cffi-1.15.1-cp38-cp38-win_amd64.whl", hash = "sha256:00a9ed42e88df81ffae7a8ab6d9356b371399b91dbdf0c3cb1e84c03a13aceb5"},
    {file = "cffi-1.15.1-cp39-cp39-macosx_10_9_x86_64.whl", hash = "sha256:54a2db7b78338edd780e7ef7f9f6c442500fb0d41a5a4ea24fff1c929d5af585"},
    {file = "cffi-1.15.1-cp39-cp39-macosx_11_0_arm64.whl", hash = "sha256:fcd131dd944808b5bdb38e6f5b53013c5aa4f334c5cad0c72742f6eba4b73db0"},
    {file = "cffi-1.15.1-cp39-cp39-manylinux_2_12_i686.manylinux2010_i686.manylinux_2_17_i686.manylinux2014_i686.whl", hash = "sha256:7473e861101c9e72452f9bf8acb984947aa1661a7704553a9f6e4baa5ba64415"},
    {file = "cffi-1.15.1-cp39-cp39-manylinux_2_17_aarch64.manylinux2014_aarch64.whl", hash = "sha256:6c9a799e985904922a4d207a94eae35c78ebae90e128f0c4e521ce339396be9d"},
    {file = "cffi-1.15.1-cp39-cp39-manylinux_2_17_ppc64le.manylinux2014_ppc64le.whl", hash = "sha256:3bcde07039e586f91b45c88f8583ea7cf7a0770df3a1649627bf598332cb6984"},
    {file = "cffi-1.15.1-cp39-cp39-manylinux_2_17_s390x.manylinux2014_s390x.whl", hash = "sha256:33ab79603146aace82c2427da5ca6e58f2b3f2fb5da893ceac0c42218a40be35"},
    {file = "cffi-1.15.1-cp39-cp39-manylinux_2_17_x86_64.manylinux2014_x86_64.whl", hash = "sha256:5d598b938678ebf3c67377cdd45e09d431369c3b1a5b331058c338e201f12b27"},
    {file = "cffi-1.15.1-cp39-cp39-musllinux_1_1_i686.whl", hash = "sha256:db0fbb9c62743ce59a9ff687eb5f4afbe77e5e8403d6697f7446e5f609976f76"},
    {file = "cffi-1.15.1-cp39-cp39-musllinux_1_1_x86_64.whl", hash = "sha256:98d85c6a2bef81588d9227dde12db8a7f47f639f4a17c9ae08e773aa9c697bf3"},
    {file = "cffi-1.15.1-cp39-cp39-win32.whl", hash = "sha256:40f4774f5a9d4f5e344f31a32b5096977b5d48560c5592e2f3d2c4374bd543ee"},
    {file = "cffi-1.15.1-cp39-cp39-win_amd64.whl", hash = "sha256:70df4e3b545a17496c9b3f41f5115e69a4f2e77e94e1d2a8e1070bc0c38c8a3c"},
    {file = "cffi-1.15.1.tar.gz", hash = "sha256:d400bfb9a37b1351253cb402671cea7e89bdecc294e8016a707f6d1d8ac934f9"},
]

[package.dependencies]
pycparser = "*"

[[package]]
name = "click"
version = "8.1.3"
description = "Composable command line interface toolkit"
optional = false
python-versions = ">=3.7"
files = [
    {file = "click-8.1.3-py3-none-any.whl", hash = "sha256:bb4d8133cb15a609f44e8213d9b391b0809795062913b383c62be0ee95b1db48"},
    {file = "click-8.1.3.tar.gz", hash = "sha256:7682dc8afb30297001674575ea00d1814d808d6a36af415a82bd481d37ba7b8e"},
]

[package.dependencies]
colorama = {version = "*", markers = "platform_system == \"Windows\""}

[[package]]
name = "colorama"
version = "0.4.6"
description = "Cross-platform colored terminal text."
optional = false
python-versions = "!=3.0.*,!=3.1.*,!=3.2.*,!=3.3.*,!=3.4.*,!=3.5.*,!=3.6.*,>=2.7"
files = [
    {file = "colorama-0.4.6-py2.py3-none-any.whl", hash = "sha256:4f1d9991f5acc0ca119f9d443620b77f9d6b33703e51011c16baf57afb285fc6"},
    {file = "colorama-0.4.6.tar.gz", hash = "sha256:08695f5cb7ed6e0531a20572697297273c47b8cae5a63ffc6d6ed5c201be6e44"},
]

[[package]]
name = "numpy"
version = "1.24.3"
description = "Fundamental package for array computing in Python"
optional = false
python-versions = ">=3.8"
files = [
    {file = "numpy-1.24.3-cp310-cp310-macosx_10_9_x86_64.whl", hash = "sha256:3c1104d3c036fb81ab923f507536daedc718d0ad5a8707c6061cdfd6d184e570"},
    {file = "numpy-1.24.3-cp310-cp310-macosx_11_0_arm64.whl", hash = "sha256:202de8f38fc4a45a3eea4b63e2f376e5f2dc64ef0fa692838e31a808520efaf7"},
    {file = "numpy-1.24.3-cp310-cp310-manylinux_2_17_aarch64.manylinux2014_aarch64.whl", hash = "sha256:8535303847b89aa6b0f00aa1dc62867b5a32923e4d1681a35b5eef2d9591a463"},
    {file = "numpy-1.24.3-cp310-cp310-manylinux_2_17_x86_64.manylinux2014_x86_64.whl", hash = "sha256:2d926b52ba1367f9acb76b0df6ed21f0b16a1ad87c6720a1121674e5cf63e2b6"},
    {file = "numpy-1.24.3-cp310-cp310-win32.whl", hash = "sha256:f21c442fdd2805e91799fbe044a7b999b8571bb0ab0f7850d0cb9641a687092b"},
    {file = "numpy-1.24.3-cp310-cp310-win_amd64.whl", hash = "sha256:ab5f23af8c16022663a652d3b25dcdc272ac3f83c3af4c02eb8b824e6b3ab9d7"},
    {file = "numpy-1.24.3-cp311-cp311-macosx_10_9_x86_64.whl", hash = "sha256:9a7721ec204d3a237225db3e194c25268faf92e19338a35f3a224469cb6039a3"},
    {file = "numpy-1.24.3-cp311-cp311-macosx_11_0_arm64.whl", hash = "sha256:d6cc757de514c00b24ae8cf5c876af2a7c3df189028d68c0cb4eaa9cd5afc2bf"},
    {file = "numpy-1.24.3-cp311-cp311-manylinux_2_17_aarch64.manylinux2014_aarch64.whl", hash = "sha256:76e3f4e85fc5d4fd311f6e9b794d0c00e7002ec122be271f2019d63376f1d385"},
    {file = "numpy-1.24.3-cp311-cp311-manylinux_2_17_x86_64.manylinux2014_x86_64.whl", hash = "sha256:a1d3c026f57ceaad42f8231305d4653d5f05dc6332a730ae5c0bea3513de0950"},
    {file = "numpy-1.24.3-cp311-cp311-win32.whl", hash = "sha256:c91c4afd8abc3908e00a44b2672718905b8611503f7ff87390cc0ac3423fb096"},
    {file = "numpy-1.24.3-cp311-cp311-win_amd64.whl", hash = "sha256:5342cf6aad47943286afa6f1609cad9b4266a05e7f2ec408e2cf7aea7ff69d80"},
    {file = "numpy-1.24.3-cp38-cp38-macosx_10_9_x86_64.whl", hash = "sha256:7776ea65423ca6a15255ba1872d82d207bd1e09f6d0894ee4a64678dd2204078"},
    {file = "numpy-1.24.3-cp38-cp38-macosx_11_0_arm64.whl", hash = "sha256:ae8d0be48d1b6ed82588934aaaa179875e7dc4f3d84da18d7eae6eb3f06c242c"},
    {file = "numpy-1.24.3-cp38-cp38-manylinux_2_17_aarch64.manylinux2014_aarch64.whl", hash = "sha256:ecde0f8adef7dfdec993fd54b0f78183051b6580f606111a6d789cd14c61ea0c"},
    {file = "numpy-1.24.3-cp38-cp38-manylinux_2_17_x86_64.manylinux2014_x86_64.whl", hash = "sha256:4749e053a29364d3452c034827102ee100986903263e89884922ef01a0a6fd2f"},
    {file = "numpy-1.24.3-cp38-cp38-win32.whl", hash = "sha256:d933fabd8f6a319e8530d0de4fcc2e6a61917e0b0c271fded460032db42a0fe4"},
    {file = "numpy-1.24.3-cp38-cp38-win_amd64.whl", hash = "sha256:56e48aec79ae238f6e4395886b5eaed058abb7231fb3361ddd7bfdf4eed54289"},
    {file = "numpy-1.24.3-cp39-cp39-macosx_10_9_x86_64.whl", hash = "sha256:4719d5aefb5189f50887773699eaf94e7d1e02bf36c1a9d353d9f46703758ca4"},
    {file = "numpy-1.24.3-cp39-cp39-macosx_11_0_arm64.whl", hash = "sha256:0ec87a7084caa559c36e0a2309e4ecb1baa03b687201d0a847c8b0ed476a7187"},
    {file = "numpy-1.24.3-cp39-cp39-manylinux_2_17_aarch64.manylinux2014_aarch64.whl", hash = "sha256:ea8282b9bcfe2b5e7d491d0bf7f3e2da29700cec05b49e64d6246923329f2b02"},
    {file = "numpy-1.24.3-cp39-cp39-manylinux_2_17_x86_64.manylinux2014_x86_64.whl", hash = "sha256:210461d87fb02a84ef243cac5e814aad2b7f4be953b32cb53327bb49fd77fbb4"},
    {file = "numpy-1.24.3-cp39-cp39-win32.whl", hash = "sha256:784c6da1a07818491b0ffd63c6bbe5a33deaa0e25a20e1b3ea20cf0e43f8046c"},
    {file = "numpy-1.24.3-cp39-cp39-win_amd64.whl", hash = "sha256:d5036197ecae68d7f491fcdb4df90082b0d4960ca6599ba2659957aafced7c17"},
    {file = "numpy-1.24.3-pp38-pypy38_pp73-macosx_10_9_x86_64.whl", hash = "sha256:352ee00c7f8387b44d19f4cada524586f07379c0d49270f87233983bc5087ca0"},
    {file = "numpy-1.24.3-pp38-pypy38_pp73-manylinux_2_17_x86_64.manylinux2014_x86_64.whl", hash = "sha256:1a7d6acc2e7524c9955e5c903160aa4ea083736fde7e91276b0e5d98e6332812"},
    {file = "numpy-1.24.3-pp38-pypy38_pp73-win_amd64.whl", hash = "sha256:35400e6a8d102fd07c71ed7dcadd9eb62ee9a6e84ec159bd48c28235bbb0f8e4"},
    {file = "numpy-1.24.3.tar.gz", hash = "sha256:ab344f1bf21f140adab8e47fdbc7c35a477dc01408791f8ba00d018dd0bc5155"},
]

[[package]]
name = "pa-ringbuffer"
version = "0.1.4"
description = "Python wrapper for PortAudio's ring buffer"
optional = false
python-versions = ">=2.6"
files = [
    {file = "pa-ringbuffer-0.1.4.tar.gz", hash = "sha256:0878054e979e7b4fafcbcf6273a87e1ed2c50dad44c29fc557d72b7b3a04cf42"},
    {file = "pa_ringbuffer-0.1.4-py2.py3-none-any.whl", hash = "sha256:a4cb24883645696e021c309bfe13904617bf551491d6f0ab9f9ec70ff33d6a04"},
]

[[package]]
name = "psutil"
version = "5.9.5"
description = "Cross-platform lib for process and system monitoring in Python."
optional = false
python-versions = ">=2.7, !=3.0.*, !=3.1.*, !=3.2.*, !=3.3.*"
files = [
    {file = "psutil-5.9.5-cp27-cp27m-macosx_10_9_x86_64.whl", hash = "sha256:be8929ce4313f9f8146caad4272f6abb8bf99fc6cf59344a3167ecd74f4f203f"},
    {file = "psutil-5.9.5-cp27-cp27m-manylinux2010_i686.whl", hash = "sha256:ab8ed1a1d77c95453db1ae00a3f9c50227ebd955437bcf2a574ba8adbf6a74d5"},
    {file = "psutil-5.9.5-cp27-cp27m-manylinux2010_x86_64.whl", hash = "sha256:4aef137f3345082a3d3232187aeb4ac4ef959ba3d7c10c33dd73763fbc063da4"},
    {file = "psutil-5.9.5-cp27-cp27mu-manylinux2010_i686.whl", hash = "sha256:ea8518d152174e1249c4f2a1c89e3e6065941df2fa13a1ab45327716a23c2b48"},
    {file = "psutil-5.9.5-cp27-cp27mu-manylinux2010_x86_64.whl", hash = "sha256:acf2aef9391710afded549ff602b5887d7a2349831ae4c26be7c807c0a39fac4"},
    {file = "psutil-5.9.5-cp27-none-win32.whl", hash = "sha256:5b9b8cb93f507e8dbaf22af6a2fd0ccbe8244bf30b1baad6b3954e935157ae3f"},
    {file = "psutil-5.9.5-cp27-none-win_amd64.whl", hash = "sha256:8c5f7c5a052d1d567db4ddd231a9d27a74e8e4a9c3f44b1032762bd7b9fdcd42"},
    {file = "psutil-5.9.5-cp36-abi3-macosx_10_9_x86_64.whl", hash = "sha256:3c6f686f4225553615612f6d9bc21f1c0e305f75d7d8454f9b46e901778e7217"},
    {file = "psutil-5.9.5-cp36-abi3-manylinux_2_12_i686.manylinux2010_i686.manylinux_2_17_i686.manylinux2014_i686.whl", hash = "sha256:7a7dd9997128a0d928ed4fb2c2d57e5102bb6089027939f3b722f3a210f9a8da"},
    {file = "psutil-5.9.5-cp36-abi3-manylinux_2_12_x86_64.manylinux2010_x86_64.manylinux_2_17_x86_64.manylinux2014_x86_64.whl", hash = "sha256:89518112647f1276b03ca97b65cc7f64ca587b1eb0278383017c2a0dcc26cbe4"},
    {file = "psutil-5.9.5-cp36-abi3-win32.whl", hash = "sha256:104a5cc0e31baa2bcf67900be36acde157756b9c44017b86b2c049f11957887d"},
    {file = "psutil-5.9.5-cp36-abi3-win_amd64.whl", hash = "sha256:b258c0c1c9d145a1d5ceffab1134441c4c5113b2417fafff7315a917a026c3c9"},
    {file = "psutil-5.9.5-cp38-abi3-macosx_11_0_arm64.whl", hash = "sha256:c607bb3b57dc779d55e1554846352b4e358c10fff3abf3514a7a6601beebdb30"},
    {file = "psutil-5.9.5.tar.gz", hash = "sha256:5410638e4df39c54d957fc51ce03048acd8e6d60abc0f5107af51e5fb566eb3c"},
]

[package.extras]
test = ["enum34", "ipaddress", "mock", "pywin32", "wmi"]

[[package]]
name = "pyaudio"
version = "0.2.13"
description = "Cross-platform audio I/O with PortAudio"
optional = false
python-versions = "*"
files = [
    {file = "PyAudio-0.2.13-cp310-cp310-win32.whl", hash = "sha256:48e29537ea22ae2ae323eebe297bfb2683831cee4f20d96964e131f65ab2161d"},
    {file = "PyAudio-0.2.13-cp310-cp310-win_amd64.whl", hash = "sha256:87137cfd0ef8608a2a383be3f6996f59505e322dab9d16531f14cf542fa294f1"},
    {file = "PyAudio-0.2.13-cp311-cp311-win32.whl", hash = "sha256:13915faaa780e6bbbb6d745ef0e761674fd461b1b1b3f9c1f57042a534bfc0c3"},
    {file = "PyAudio-0.2.13-cp311-cp311-win_amd64.whl", hash = "sha256:59cc3cc5211b729c7854e3989058a145872cc58b1a7b46c6d4d88448a343d890"},
    {file = "PyAudio-0.2.13-cp37-cp37m-win32.whl", hash = "sha256:d294e3f85b2238649b1ff49ce3412459a8a312569975a89d14646536362d7576"},
    {file = "PyAudio-0.2.13-cp37-cp37m-win_amd64.whl", hash = "sha256:ff7f5e44ef51fe61da1e09c6f632f0b5808198edd61b363855cc7dd03bf4a8ac"},
    {file = "PyAudio-0.2.13-cp38-cp38-win32.whl", hash = "sha256:c6b302b048c054b7463936d8ba884b73877dc47012f3c94665dba92dd658ae04"},
    {file = "PyAudio-0.2.13-cp38-cp38-win_amd64.whl", hash = "sha256:1505d766ee718df6f5a18b73ac42307ba1cb4d2c0397873159254a34f67515d6"},
    {file = "PyAudio-0.2.13-cp39-cp39-win32.whl", hash = "sha256:eb128e4a6ea9b98d9a31f33c44978885af27dbe8ae53d665f8790cbfe045517e"},
    {file = "PyAudio-0.2.13-cp39-cp39-win_amd64.whl", hash = "sha256:910ef09225cce227adbba92622d4a3e3c8375117f7dd64039f287d9ffc0e02a1"},
    {file = "PyAudio-0.2.13.tar.gz", hash = "sha256:26bccc81e4243d1c0ff5487e6b481de6329fcd65c79365c267cef38f363a2b56"},
]

[package.extras]
test = ["numpy"]

[[package]]
name = "pycparser"
version = "2.21"
description = "C parser in Python"
optional = false
python-versions = ">=2.7, !=3.0.*, !=3.1.*, !=3.2.*, !=3.3.*"
files = [
    {file = "pycparser-2.21-py2.py3-none-any.whl", hash = "sha256:8ee45429555515e1f6b185e78100aea234072576aa43ab53aefcae078162fca9"},
    {file = "pycparser-2.21.tar.gz", hash = "sha256:e644fdec12f7872f86c58ff790da456218b10f863970249516d60a5eaca77206"},
]

[[package]]
name = "pyqt5"
version = "5.15.9"
description = "Python bindings for the Qt cross platform application toolkit"
optional = false
python-versions = ">=3.7"
files = [
    {file = "PyQt5-5.15.9-cp37-abi3-macosx_10_13_x86_64.whl", hash = "sha256:883ba5c8a348be78c8be6a3d3ba014c798e679503bce00d76c666c2dc6afe828"},
    {file = "PyQt5-5.15.9-cp37-abi3-manylinux_2_17_x86_64.whl", hash = "sha256:dd5ce10e79fbf1df29507d2daf99270f2057cdd25e4de6fbf2052b46c652e3a5"},
    {file = "PyQt5-5.15.9-cp37-abi3-win32.whl", hash = "sha256:e45c5cc15d4fd26ab5cb0e5cdba60691a3e9086411f8e3662db07a5a4222a696"},
    {file = "PyQt5-5.15.9-cp37-abi3-win_amd64.whl", hash = "sha256:e030d795df4cbbfcf4f38b18e2e119bcc9e177ef658a5094b87bb16cac0ce4c5"},
    {file = "PyQt5-5.15.9.tar.gz", hash = "sha256:dc41e8401a90dc3e2b692b411bd5492ab559ae27a27424eed4bd3915564ec4c0"},
]

[package.dependencies]
PyQt5-Qt5 = ">=5.15.2"
PyQt5-sip = ">=12.11,<13"

[[package]]
name = "pyqt5-plugins"
version = "5.15.9.2.3"
description = "PyQt Designer and QML plugins"
optional = false
python-versions = ">=3.7"
files = [
    {file = "pyqt5_plugins-5.15.9.2.3-cp310-cp310-macosx_11_0_x86_64.whl", hash = "sha256:798b9f7d212972ac3940425d0cfe3a90669520b29b113da9d63a0996b7e121f4"},
    {file = "pyqt5_plugins-5.15.9.2.3-cp310-cp310-manylinux2014_x86_64.whl", hash = "sha256:a818862de6a19965fca26174d462097829f523e177025e96c415e0389d212616"},
    {file = "pyqt5_plugins-5.15.9.2.3-cp310-cp310-win32.whl", hash = "sha256:a1abd0aaaf4bb1c0d35ed33eba9707f2212a235f45bf9bd103e65d60147d8865"},
    {file = "pyqt5_plugins-5.15.9.2.3-cp310-cp310-win_amd64.whl", hash = "sha256:b3f2c1598a171c36bcc78f68d58370e6876afacdda66e0c1e2c1ce861907a7c9"},
    {file = "pyqt5_plugins-5.15.9.2.3-cp311-cp311-macosx_10_13_universal2.whl", hash = "sha256:078b1564a54c1549e40a87c32deb9cf9e77d72f004cd0f5f42a2acfd4d6aea36"},
    {file = "pyqt5_plugins-5.15.9.2.3-cp311-cp311-manylinux2014_x86_64.whl", hash = "sha256:c883469f6d17859c8991d44d72fff6b2b9e3fa18b371c86ff002afb5e790f9c6"},
    {file = "pyqt5_plugins-5.15.9.2.3-cp311-cp311-win32.whl", hash = "sha256:f48754c09ed46a0b6305109c0c19ed7cd8b13925ba81ef2df2e8a870437b3aa7"},
    {file = "pyqt5_plugins-5.15.9.2.3-cp311-cp311-win_amd64.whl", hash = "sha256:1d9acf423062c6694a5e68782fb54ce90355481d33281c9193da45c43426853c"},
    {file = "pyqt5_plugins-5.15.9.2.3-cp37-cp37m-macosx_10_15_x86_64.whl", hash = "sha256:ed24621fbfc20964899ea5b4d1339e765847be532cedc2f195a0adb6cd2b2447"},
    {file = "pyqt5_plugins-5.15.9.2.3-cp37-cp37m-manylinux2014_x86_64.whl", hash = "sha256:b26d7af31c0e42705a4c24fdffb29f069e3bf089f1f7b3927aff9f4adfa75b72"},
    {file = "pyqt5_plugins-5.15.9.2.3-cp37-cp37m-win32.whl", hash = "sha256:d50304b6ffa684c08bc717db55e9cfe834937fc312888a7a64cd31fac27b0067"},
    {file = "pyqt5_plugins-5.15.9.2.3-cp37-cp37m-win_amd64.whl", hash = "sha256:808f5456f205520af3a1e48cd935a81e7a3c032d069a6436a07ec276e486f4dd"},
    {file = "pyqt5_plugins-5.15.9.2.3-cp38-cp38-macosx_10_15_x86_64.whl", hash = "sha256:b862c340b13cf782f77778cc9c5e28ceeb7ecbf9da0c7410b5c55050a59efe59"},
    {file = "pyqt5_plugins-5.15.9.2.3-cp38-cp38-manylinux2014_x86_64.whl", hash = "sha256:b4225d531773c3c69814a05877651b29d639f1887f25b8b19dcc0e160427582a"},
    {file = "pyqt5_plugins-5.15.9.2.3-cp38-cp38-win32.whl", hash = "sha256:e0715d4149701fac3ad3b6777a272edab7ca375524d4c3742b3a6c11d46b2d35"},
    {file = "pyqt5_plugins-5.15.9.2.3-cp38-cp38-win_amd64.whl", hash = "sha256:ad82f31bfd6c7039909980628fcbcc7e843013dbdfcf3674f1ffaf53f90b71cc"},
    {file = "pyqt5_plugins-5.15.9.2.3-cp39-cp39-macosx_11_0_x86_64.whl", hash = "sha256:3e7ba7995e71ba06d536c8a36168ae03199a3983a727d627000f170d6e3a29f4"},
    {file = "pyqt5_plugins-5.15.9.2.3-cp39-cp39-manylinux2014_x86_64.whl", hash = "sha256:b3e747cd3be0885b12e8bde32234df0ee082dfc9607751ce81fb2aa694462048"},
    {file = "pyqt5_plugins-5.15.9.2.3-cp39-cp39-win32.whl", hash = "sha256:e4670917c36b039b6d195af177afa369f603aa00376890fd540c955ec56c9284"},
    {file = "pyqt5_plugins-5.15.9.2.3-cp39-cp39-win_amd64.whl", hash = "sha256:bacaae333802856871e24045f121967f73e2b5f95a55b633f76b78c6a87e034c"},
]

[package.dependencies]
click = "*"
pyqt5 = "5.15.9"
pyqt5-qt5 = "5.15.2"
qt5-tools = ">=5.15.2.1.2,<5.15.2.2"

[[package]]
name = "pyqt5-qt5"
version = "5.15.2"
description = "The subset of a Qt installation needed by PyQt5."
optional = false
python-versions = "*"
files = [
    {file = "PyQt5_Qt5-5.15.2-py3-none-macosx_10_13_intel.whl", hash = "sha256:76980cd3d7ae87e3c7a33bfebfaee84448fd650bad6840471d6cae199b56e154"},
    {file = "PyQt5_Qt5-5.15.2-py3-none-manylinux2014_x86_64.whl", hash = "sha256:1988f364ec8caf87a6ee5d5a3a5210d57539988bf8e84714c7d60972692e2f4a"},
    {file = "PyQt5_Qt5-5.15.2-py3-none-win32.whl", hash = "sha256:9cc7a768b1921f4b982ebc00a318ccb38578e44e45316c7a4a850e953e1dd327"},
    {file = "PyQt5_Qt5-5.15.2-py3-none-win_amd64.whl", hash = "sha256:750b78e4dba6bdf1607febedc08738e318ea09e9b10aea9ff0d73073f11f6962"},
]

[[package]]
name = "pyqt5-sip"
version = "12.12.1"
description = "The sip module support for PyQt5"
optional = false
python-versions = ">=3.7"
files = [
    {file = "PyQt5_sip-12.12.1-cp310-cp310-macosx_10_9_universal2.whl", hash = "sha256:7ed598ff1b666f9e5e0214be7840f308f8fb347fe416a2a45fbedab046a7120b"},
    {file = "PyQt5_sip-12.12.1-cp310-cp310-manylinux_2_5_x86_64.manylinux1_x86_64.whl", hash = "sha256:644310dcfed4373075bc576717eea60b0f49899beb5cffb204ddaf5f27cddb85"},
    {file = "PyQt5_sip-12.12.1-cp310-cp310-win32.whl", hash = "sha256:51720277a53d99bac0914fb970970c9c2ec1a6ab3b7cc5580909d37d9cc6b152"},
    {file = "PyQt5_sip-12.12.1-cp310-cp310-win_amd64.whl", hash = "sha256:2a344855b9c57d37cf000afa46967961122fb1867faee4f53054ebaa1ce51e24"},
    {file = "PyQt5_sip-12.12.1-cp311-cp311-macosx_10_9_universal2.whl", hash = "sha256:59229c8d30141220a472ba4e4212846e8bf0bed84c32cbeb57f70fe727c6dfc2"},
    {file = "PyQt5_sip-12.12.1-cp311-cp311-manylinux_2_5_x86_64.manylinux1_x86_64.whl", hash = "sha256:5a9cbcfe8c15d3a34ef33570f0b0130b8ba68b98fd6ec92c28202b186f3ab870"},
    {file = "PyQt5_sip-12.12.1-cp311-cp311-win32.whl", hash = "sha256:7afc6ec06e79a3e0a7b447e28ef46dad372bdca32e7eff0dcbac6bc53b69a070"},
    {file = "PyQt5_sip-12.12.1-cp311-cp311-win_amd64.whl", hash = "sha256:b5b7a6c76fe3eb6b245ac6599c807b18e9a718167878a0b547db1d071a914c08"},
    {file = "PyQt5_sip-12.12.1-cp37-cp37m-macosx_10_9_x86_64.whl", hash = "sha256:3dad0b2bbe0bae4916e43610186d425cd186469b2e6c7ff853177c113b6af6ed"},
    {file = "PyQt5_sip-12.12.1-cp37-cp37m-manylinux_2_5_x86_64.manylinux1_x86_64.whl", hash = "sha256:d1378815b15198ce6dddd367fbd81f5c018ce473a89ae938b7a58e1d97f25b10"},
    {file = "PyQt5_sip-12.12.1-cp37-cp37m-win32.whl", hash = "sha256:2e3d444f5cb81261c22e7c9d3a9a4484bb9db7a1a3077559100175d36297d1da"},
    {file = "PyQt5_sip-12.12.1-cp37-cp37m-win_amd64.whl", hash = "sha256:eee684532876775e1d0fa20d4aae1b568aaa6c732d74e6657ee832e427d46947"},
    {file = "PyQt5_sip-12.12.1-cp38-cp38-macosx_10_9_x86_64.whl", hash = "sha256:1364f460ae07fc2f4c42dd7a3b3738611b29f5c033025e5e70b03e2687d4bda4"},
    {file = "PyQt5_sip-12.12.1-cp38-cp38-manylinux_2_5_x86_64.manylinux1_x86_64.whl", hash = "sha256:6cb6139b00e347e7d961467d092e67c47a97893bc6ab83104bcaf50bf4815036"},
    {file = "PyQt5_sip-12.12.1-cp38-cp38-win32.whl", hash = "sha256:9e21e11eb6fb468affe0d72ff922788c2adc124480bb274941fce93ddb122b8f"},
    {file = "PyQt5_sip-12.12.1-cp38-cp38-win_amd64.whl", hash = "sha256:f5ac060219c127a5b9009a4cfe33086e36c6bb8e26c0b757b31a6c04d29d630d"},
    {file = "PyQt5_sip-12.12.1-cp39-cp39-macosx_10_9_universal2.whl", hash = "sha256:a65f5869f3f35330c920c1b218319140c0b84f8c49a20727b5e3df2acd496833"},
    {file = "PyQt5_sip-12.12.1-cp39-cp39-manylinux_2_5_x86_64.manylinux1_x86_64.whl", hash = "sha256:e0241b62f5ca9aaff1037f12e6f5ed68168e7200e14e73f05b632381cee0ff4b"},
    {file = "PyQt5_sip-12.12.1-cp39-cp39-win32.whl", hash = "sha256:0e30f6c9b99161d8a524d8b7aa5a001be5fe002797151c27414066b838beaa4e"},
    {file = "PyQt5_sip-12.12.1-cp39-cp39-win_amd64.whl", hash = "sha256:8a2e48a331024a225128f94f5d0fb8089e924419693b2e03eda4d5dbc4313b52"},
    {file = "PyQt5_sip-12.12.1.tar.gz", hash = "sha256:8fdc6e0148abd12d977a1d3828e7b79aae958e83c6cb5adae614916d888a6b10"},
]

[[package]]
name = "pyqt5-tools"
version = "5.15.9.3.3"
description = "PyQt Designer and QML plugins"
optional = false
python-versions = ">=3.7"
files = [
    {file = "pyqt5_tools-5.15.9.3.3-py3-none-any.whl", hash = "sha256:4b45b26111c583a34fa364b98d7120f5aeca4f96ac72e251f1b37a9cca809f86"},
]

[package.dependencies]
click = "*"
pyqt5 = "5.15.9"
pyqt5-plugins = ">=5.15.9.2.2,<5.15.9.3"
python-dotenv = "*"

[[package]]
name = "pyqtgraph"
version = "0.13.3"
description = "Scientific Graphics and GUI Library for Python"
optional = false
python-versions = ">=3.8"
files = [
    {file = "pyqtgraph-0.13.3-py3-none-any.whl", hash = "sha256:fdcc04ac4b32a7bedf1bf3cf74cbb93ab3ba5687791712bbfa8d0712377d2f2b"},
    {file = "pyqtgraph-0.13.3.tar.gz", hash = "sha256:58108d8411c7054e0841d8b791ee85e101fc296b9b359c0e01dde38a98ff2ace"},
]

[package.dependencies]
numpy = ">=1.20.0"

[[package]]
name = "python-dotenv"
version = "1.0.0"
description = "Read key-value pairs from a .env file and set them as environment variables"
optional = false
python-versions = ">=3.8"
files = [
    {file = "python-dotenv-1.0.0.tar.gz", hash = "sha256:a8df96034aae6d2d50a4ebe8216326c61c3eb64836776504fcca410e5937a3ba"},
    {file = "python_dotenv-1.0.0-py3-none-any.whl", hash = "sha256:f5971a9226b701070a4bf2c38c89e5a3f0d64de8debda981d1db98583009122a"},
]

[package.extras]
cli = ["click (>=5.0)"]

[[package]]
name = "qt5-applications"
version = "5.15.2.2.3"
description = "The collection of Qt tools easily installable in Python"
optional = false
python-versions = ">=3.7"
files = [
    {file = "qt5_applications-5.15.2.2.3-py3-none-macosx_10_14_x86_64.whl", hash = "sha256:45395074b742ca6765990d3645d5e24a59415c1d968c40c6a3443da22c621ba8"},
    {file = "qt5_applications-5.15.2.2.3-py3-none-manylinux_2_17_x86_64.whl", hash = "sha256:9ac537caf18fc339149391f58e6716c472296df4431d68e76670e75a14238de0"},
    {file = "qt5_applications-5.15.2.2.3-py3-none-win32.whl", hash = "sha256:8d4ebdd955653f693edac4697f80e016270efcf861ebb1b8b7e238fd6faba5f5"},
    {file = "qt5_applications-5.15.2.2.3-py3-none-win_amd64.whl", hash = "sha256:5156cc710ed3942f736ec2c46889f73d829fcd4093bed8dbddf2fd83929fdf0b"},
]

[[package]]
name = "qt5-tools"
version = "5.15.2.1.3"
description = "Wrappers for the raw Qt programs from qt5-applications"
optional = false
python-versions = ">=3.7"
files = [
    {file = "qt5_tools-5.15.2.1.3-py3-none-any.whl", hash = "sha256:3e73b7aa3cd03abba6e703aa1d21a5934eff42a068292500a1f02c9bc6da95cb"},
]

[package.dependencies]
click = "*"
qt5-applications = ">=5.15.2.2.2,<5.15.2.3"

[[package]]
name = "rtmixer"
version = "0.1.4"
description = "Reliable low-latency audio playback and recording"
optional = false
python-versions = ">=3.6"
files = [
    {file = "rtmixer-0.1.4-cp310-cp310-macosx_10_9_x86_64.whl", hash = "sha256:3d9aa05f24706df0b9c530f6b0f821e7363706099b5e1b27e9ef2bec8c34964f"},
    {file = "rtmixer-0.1.4-cp310-cp310-manylinux_2_17_x86_64.manylinux2014_x86_64.whl", hash = "sha256:56072835a415cb31773564e60a326c56194aed20a267645c0849658473a2620d"},
    {file = "rtmixer-0.1.4-cp310-cp310-manylinux_2_5_i686.manylinux1_i686.manylinux_2_17_i686.manylinux2014_i686.whl", hash = "sha256:28db86d77356fa3644be3d9bf29b4055184e92d6f6fe5c5db1c945deac6c9733"},
    {file = "rtmixer-0.1.4-cp310-cp310-musllinux_1_1_i686.whl", hash = "sha256:f55aba0c86f2c48fc4acd42f65725ab6d69353658c327032454a21e269a87b7a"},
    {file = "rtmixer-0.1.4-cp310-cp310-musllinux_1_1_x86_64.whl", hash = "sha256:8a64a3a9b75528c74967c99a299fddbd1201c3bb13eea60fee709de08100f2e1"},
    {file = "rtmixer-0.1.4-cp310-cp310-win32.whl", hash = "sha256:e62fbe6fb9f5d2a818ab67e041c35f313d0897dfa50cdad6a82dc5d2f74052dc"},
    {file = "rtmixer-0.1.4-cp310-cp310-win_amd64.whl", hash = "sha256:57dcb9fdc59490dd89b6ec932d7f1843fe5b65cc4e774a21e6a3070f3d0069c4"},
    {file = "rtmixer-0.1.4-cp36-cp36m-macosx_10_9_x86_64.whl", hash = "sha256:fae2c6bc873b7b7c88ac3948f5af1d80d316bceb81bb331c5925cd0c9ac3c2c8"},
    {file = "rtmixer-0.1.4-cp36-cp36m-manylinux_2_17_x86_64.manylinux2014_x86_64.whl", hash = "sha256:9c71defa2665bdec17a4728653f0484b19d92357396d0147d29f4b9df0aab76d"},
    {file = "rtmixer-0.1.4-cp36-cp36m-manylinux_2_5_i686.manylinux1_i686.manylinux_2_17_i686.manylinux2014_i686.whl", hash = "sha256:bbe2de239599c19a10b42fffee17730ceb101a99a14c00dacbc2b32ee234cd2f"},
    {file = "rtmixer-0.1.4-cp36-cp36m-musllinux_1_1_i686.whl", hash = "sha256:b492fc2f74361f385efdb9df114654c9b9cec89e588572e855c0962b1fc3a473"},
    {file = "rtmixer-0.1.4-cp36-cp36m-musllinux_1_1_x86_64.whl", hash = "sha256:d8778a5359042f2504dd6e0a923d15289712d8a78163aca045001ba9757412b6"},
    {file = "rtmixer-0.1.4-cp36-cp36m-win32.whl", hash = "sha256:1c6d8c3a59c6081d28277ba077435e268d66f2f58ddcc7c9f1166425e023b6c0"},
    {file = "rtmixer-0.1.4-cp36-cp36m-win_amd64.whl", hash = "sha256:5e7010120836d29896afb9066080a3e6abed87bd22b9f204cd614cb6eec41254"},
    {file = "rtmixer-0.1.4-cp37-cp37m-macosx_10_9_x86_64.whl", hash = "sha256:f217eea267f459fc429e3a9d5b30f572ed679bed00808fe4d6956d625c3d6e43"},
    {file = "rtmixer-0.1.4-cp37-cp37m-manylinux_2_17_x86_64.manylinux2014_x86_64.whl", hash = "sha256:4751c002af7baedcae14e9171a2a1947e480736792131cc56997ad9e9d7c553d"},
    {file = "rtmixer-0.1.4-cp37-cp37m-manylinux_2_5_i686.manylinux1_i686.manylinux_2_17_i686.manylinux2014_i686.whl", hash = "sha256:424b9804d142409c9b3b0256dc07e176fddfe4a694f9badc649bc0c4d4fee4b6"},
    {file = "rtmixer-0.1.4-cp37-cp37m-musllinux_1_1_i686.whl", hash = "sha256:ff363461dd5df226f10a3c2984c2e1719a16f2ae11154abf85817ec39b5f3d54"},
    {file = "rtmixer-0.1.4-cp37-cp37m-musllinux_1_1_x86_64.whl", hash = "sha256:d6df701f5b1345e26a55da7b48b2957797ed3a93e2f3a2ba26353330ea86247c"},
    {file = "rtmixer-0.1.4-cp37-cp37m-win32.whl", hash = "sha256:c9750c2c72a16a9283c8213c9b8143885b93259d53d5b34684835ffe4a3c69e2"},
    {file = "rtmixer-0.1.4-cp37-cp37m-win_amd64.whl", hash = "sha256:5d43e2b8e04460bc5b4b34f51778223dd2d21185adc77f1634849b5d8b5c614f"},
    {file = "rtmixer-0.1.4-cp38-cp38-macosx_10_9_x86_64.whl", hash = "sha256:a449e5c65203a3f4a554701e4e34ee026826f47d3c50cd1429bae0149f88b087"},
    {file = "rtmixer-0.1.4-cp38-cp38-manylinux_2_17_x86_64.manylinux2014_x86_64.whl", hash = "sha256:a9b898d989f6dda4fd77708698f61378f9fd8205f7599366b3f6f95ea74b69c6"},
    {file = "rtmixer-0.1.4-cp38-cp38-manylinux_2_5_i686.manylinux1_i686.manylinux_2_17_i686.manylinux2014_i686.whl", hash = "sha256:ba4b6eda37f4946030367c34b6cf2d19f9dfa14d4338326ce818cef18d050ae3"},
    {file = "rtmixer-0.1.4-cp38-cp38-musllinux_1_1_i686.whl", hash = "sha256:fec05a35005d8aa11fd8b85661ae1138a7e199bceddae311ff77481c70ee3400"},
    {file = "rtmixer-0.1.4-cp38-cp38-musllinux_1_1_x86_64.whl", hash = "sha256:417633d0d231d0c0679190f7ecf22f1c611f556ca6484f90393d0b22e3989dd3"},
    {file = "rtmixer-0.1.4-cp38-cp38-win32.whl", hash = "sha256:254a2a87caaf5a96ef0d27af000ac5d172ecd82930f83639b379ed86dbd6ea3c"},
    {file = "rtmixer-0.1.4-cp38-cp38-win_amd64.whl", hash = "sha256:d35c28de11a56b07749cb9554cf96ae5008db1a94fce11bfeb5207bec8dd1aa8"},
    {file = "rtmixer-0.1.4-cp39-cp39-macosx_10_9_x86_64.whl", hash = "sha256:49a41490596ef178a865fd8d1ef186e37ccb9dce26836183ccabdd8934c63b66"},
    {file = "rtmixer-0.1.4-cp39-cp39-manylinux_2_17_x86_64.manylinux2014_x86_64.whl", hash = "sha256:7a2811a6985a4729bddd215b12a8f7b38ed62a7497d087a19de06a05f8354067"},
    {file = "rtmixer-0.1.4-cp39-cp39-manylinux_2_5_i686.manylinux1_i686.manylinux_2_17_i686.manylinux2014_i686.whl", hash = "sha256:d60c6301f18fe264c362eefc154628ecd980e84994807b422f6bc535ec446af5"},
    {file = "rtmixer-0.1.4-cp39-cp39-musllinux_1_1_i686.whl", hash = "sha256:17d63b5e503535b9ef9095cbeb9155d9832bf417cfb9fafcdac92158decc33ca"},
    {file = "rtmixer-0.1.4-cp39-cp39-musllinux_1_1_x86_64.whl", hash = "sha256:3d79e3f813cd24b97eeb6bb00e55dbe34c468e352a191a0ec6c03844e4ac5749"},
    {file = "rtmixer-0.1.4-cp39-cp39-win32.whl", hash = "sha256:d4a64cf9b938d55155240e1f929409b9657811aa9c990df870bb1c39e7f70848"},
    {file = "rtmixer-0.1.4-cp39-cp39-win_amd64.whl", hash = "sha256:dd938f28397a41456c53c257504c06354653c0a240543ef098aa4a0f437407c5"},
    {file = "rtmixer-0.1.4-pp37-pypy37_pp73-macosx_10_9_x86_64.whl", hash = "sha256:a3c016fb94a44ec29e9dc79c90d6e238db5377225dfb2838b2d9eaa5955ee079"},
    {file = "rtmixer-0.1.4-pp37-pypy37_pp73-manylinux_2_17_x86_64.manylinux2014_x86_64.whl", hash = "sha256:6903133194805e38ebf27c21a52cfd9f08e5a25970a851987f2f3de32ae8065e"},
    {file = "rtmixer-0.1.4-pp37-pypy37_pp73-manylinux_2_5_i686.manylinux1_i686.manylinux_2_17_i686.manylinux2014_i686.whl", hash = "sha256:5fa1d4b66a0a4f8dd290e8ade061e330f8f7ecad410de0727b0bca84c845d69e"},
    {file = "rtmixer-0.1.4-pp37-pypy37_pp73-win_amd64.whl", hash = "sha256:46082b8833b528df3cd3f898ff94ad6c8a3c6739e1c19f0496a4e6dbc286f77c"},
    {file = "rtmixer-0.1.4-pp38-pypy38_pp73-macosx_10_9_x86_64.whl", hash = "sha256:5549a425c473e985f63defa6b2419df919feaaeabb329416e71c4af07ccd4a97"},
    {file = "rtmixer-0.1.4-pp38-pypy38_pp73-manylinux_2_17_x86_64.manylinux2014_x86_64.whl", hash = "sha256:79174656d2a0a94480b4095aa702ad7211cdbcb593a469405594112e369f869e"},
    {file = "rtmixer-0.1.4-pp38-pypy38_pp73-manylinux_2_5_i686.manylinux1_i686.manylinux_2_17_i686.manylinux2014_i686.whl", hash = "sha256:59b1c5ebe6bd6a986968d1233a7d79a0781310ecb43d481b07eeb4017be12ef7"},
    {file = "rtmixer-0.1.4-pp38-pypy38_pp73-win_amd64.whl", hash = "sha256:51a742140455ba3114af21973a5dd50bbd7a78f1e24ab54b940109c84f86c2bf"},
    {file = "rtmixer-0.1.4.tar.gz", hash = "sha256:f7e5777ac23f32d2ac42c3aae31d786cd66ebb0b9c84e30ac3069faf256a7da0"},
]

[package.dependencies]
CFFI = ">=1"
pa-ringbuffer = "*"
sounddevice = ">0.3.9"

[[package]]
name = "scipy"
version = "1.10.1"
description = "Fundamental algorithms for scientific computing in Python"
optional = false
python-versions = "<3.12,>=3.8"
files = [
    {file = "scipy-1.10.1-cp310-cp310-macosx_10_9_x86_64.whl", hash = "sha256:e7354fd7527a4b0377ce55f286805b34e8c54b91be865bac273f527e1b839019"},
    {file = "scipy-1.10.1-cp310-cp310-macosx_12_0_arm64.whl", hash = "sha256:4b3f429188c66603a1a5c549fb414e4d3bdc2a24792e061ffbd607d3d75fd84e"},
    {file = "scipy-1.10.1-cp310-cp310-manylinux_2_17_aarch64.manylinux2014_aarch64.whl", hash = "sha256:1553b5dcddd64ba9a0d95355e63fe6c3fc303a8fd77c7bc91e77d61363f7433f"},
    {file = "scipy-1.10.1-cp310-cp310-manylinux_2_17_x86_64.manylinux2014_x86_64.whl", hash = "sha256:4c0ff64b06b10e35215abce517252b375e580a6125fd5fdf6421b98efbefb2d2"},
    {file = "scipy-1.10.1-cp310-cp310-win_amd64.whl", hash = "sha256:fae8a7b898c42dffe3f7361c40d5952b6bf32d10c4569098d276b4c547905ee1"},
    {file = "scipy-1.10.1-cp311-cp311-macosx_10_9_x86_64.whl", hash = "sha256:0f1564ea217e82c1bbe75ddf7285ba0709ecd503f048cb1236ae9995f64217bd"},
    {file = "scipy-1.10.1-cp311-cp311-macosx_12_0_arm64.whl", hash = "sha256:d925fa1c81b772882aa55bcc10bf88324dadb66ff85d548c71515f6689c6dac5"},
    {file = "scipy-1.10.1-cp311-cp311-manylinux_2_17_aarch64.manylinux2014_aarch64.whl", hash = "sha256:aaea0a6be54462ec027de54fca511540980d1e9eea68b2d5c1dbfe084797be35"},
    {file = "scipy-1.10.1-cp311-cp311-manylinux_2_17_x86_64.manylinux2014_x86_64.whl", hash = "sha256:15a35c4242ec5f292c3dd364a7c71a61be87a3d4ddcc693372813c0b73c9af1d"},
    {file = "scipy-1.10.1-cp311-cp311-win_amd64.whl", hash = "sha256:43b8e0bcb877faf0abfb613d51026cd5cc78918e9530e375727bf0625c82788f"},
    {file = "scipy-1.10.1-cp38-cp38-macosx_10_9_x86_64.whl", hash = "sha256:5678f88c68ea866ed9ebe3a989091088553ba12c6090244fdae3e467b1139c35"},
    {file = "scipy-1.10.1-cp38-cp38-macosx_12_0_arm64.whl", hash = "sha256:39becb03541f9e58243f4197584286e339029e8908c46f7221abeea4b749fa88"},
    {file = "scipy-1.10.1-cp38-cp38-manylinux_2_17_aarch64.manylinux2014_aarch64.whl", hash = "sha256:bce5869c8d68cf383ce240e44c1d9ae7c06078a9396df68ce88a1230f93a30c1"},
    {file = "scipy-1.10.1-cp38-cp38-manylinux_2_17_x86_64.manylinux2014_x86_64.whl", hash = "sha256:07c3457ce0b3ad5124f98a86533106b643dd811dd61b548e78cf4c8786652f6f"},
    {file = "scipy-1.10.1-cp38-cp38-win_amd64.whl", hash = "sha256:049a8bbf0ad95277ffba9b3b7d23e5369cc39e66406d60422c8cfef40ccc8415"},
    {file = "scipy-1.10.1-cp39-cp39-macosx_10_9_x86_64.whl", hash = "sha256:cd9f1027ff30d90618914a64ca9b1a77a431159df0e2a195d8a9e8a04c78abf9"},
    {file = "scipy-1.10.1-cp39-cp39-macosx_12_0_arm64.whl", hash = "sha256:79c8e5a6c6ffaf3a2262ef1be1e108a035cf4f05c14df56057b64acc5bebffb6"},
    {file = "scipy-1.10.1-cp39-cp39-manylinux_2_17_aarch64.manylinux2014_aarch64.whl", hash = "sha256:51af417a000d2dbe1ec6c372dfe688e041a7084da4fdd350aeb139bd3fb55353"},
    {file = "scipy-1.10.1-cp39-cp39-manylinux_2_17_x86_64.manylinux2014_x86_64.whl", hash = "sha256:1b4735d6c28aad3cdcf52117e0e91d6b39acd4272f3f5cd9907c24ee931ad601"},
    {file = "scipy-1.10.1-cp39-cp39-win_amd64.whl", hash = "sha256:7ff7f37b1bf4417baca958d254e8e2875d0cc23aaadbe65b3d5b3077b0eb23ea"},
    {file = "scipy-1.10.1.tar.gz", hash = "sha256:2cf9dfb80a7b4589ba4c40ce7588986d6d5cebc5457cad2c2880f6bc2d42f3a5"},
]

[package.dependencies]
numpy = ">=1.19.5,<1.27.0"

[package.extras]
dev = ["click", "doit (>=0.36.0)", "flake8", "mypy", "pycodestyle", "pydevtool", "rich-click", "typing_extensions"]
doc = ["matplotlib (>2)", "numpydoc", "pydata-sphinx-theme (==0.9.0)", "sphinx (!=4.1.0)", "sphinx-design (>=0.2.0)"]
test = ["asv", "gmpy2", "mpmath", "pooch", "pytest", "pytest-cov", "pytest-timeout", "pytest-xdist", "scikit-umfpack", "threadpoolctl"]

[[package]]
name = "soundcard"
version = "0.4.2"
description = "Play and record audio without resorting to CPython extensions"
optional = false
python-versions = ">=3.5"
files = [
    {file = "SoundCard-0.4.2-py3-none-any.whl", hash = "sha256:09238d2f93fb007661c993e8852c4306a1a315ef257d5a0e92174702833d19fa"},
    {file = "SoundCard-0.4.2.tar.gz", hash = "sha256:bb88d2c10872debdde7e746e1ea606bf9ad61ffe2b6b7b18b72af97dd3e1e109"},
]

[package.dependencies]
cffi = "*"
numpy = "*"

[[package]]
name = "sounddevice"
version = "0.4.6"
description = "Play and Record Sound with Python"
optional = false
python-versions = ">=3.7"
files = [
    {file = "sounddevice-0.4.6-py3-none-any.whl", hash = "sha256:5de768ba6fe56ad2b5aaa2eea794b76b73e427961c95acad2ee2ed7f866a4b20"},
    {file = "sounddevice-0.4.6-py3-none-macosx_10_6_x86_64.macosx_10_6_universal2.whl", hash = "sha256:8b0b806c205dd3e3cd5a97262b2482624fd21db7d47083b887090148a08051c8"},
    {file = "sounddevice-0.4.6-py3-none-win32.whl", hash = "sha256:e3ba6e674ffa8f79a591d744a1d4ab922fe5bdfd4faf8b25069a08e051010b7b"},
    {file = "sounddevice-0.4.6-py3-none-win_amd64.whl", hash = "sha256:7830d4f8f8570f2e5552942f81d96999c5fcd9a0b682d6fc5d5c5529df23be2c"},
    {file = "sounddevice-0.4.6.tar.gz", hash = "sha256:3236b78f15f0415bdf006a620cef073d0c0522851d66f4a961ed6d8eb1482fe9"},
]

[package.dependencies]
CFFI = ">=1.0"

[package.extras]
numpy = ["NumPy"]

[metadata]
lock-version = "2.0"
python-versions = "~3.10.11"
content-hash = "e36a15509b9aa2127c128b0903301e3d182089c7824eaa8170d281c945023df3"
