# This file is automatically @generated by Poetry 1.4.2 and should not be changed by hand.

[[package]]
name = "mock"
version = "5.0.2"
description = "Rolling backport of unittest.mock for all Pythons"
category = "main"
optional = false
python-versions = ">=3.6"
files = [
    {file = "mock-5.0.2-py3-none-any.whl", hash = "sha256:0e0bc5ba78b8db3667ad636d964eb963dc97a59f04c6f6214c5f0e4a8f726c56"},
    {file = "mock-5.0.2.tar.gz", hash = "sha256:06f18d7d65b44428202b145a9a36e99c2ee00d1eb992df0caf881d4664377891"},
]

[package.extras]
build = ["blurb", "twine", "wheel"]
docs = ["sphinx"]
test = ["pytest", "pytest-cov"]

[[package]]
name = "nose"
version = "1.3.7"
description = "nose extends unittest to make testing easier"
category = "main"
optional = false
python-versions = "*"
files = [
    {file = "nose-1.3.7-py2-none-any.whl", hash = "sha256:dadcddc0aefbf99eea214e0f1232b94f2fa9bd98fa8353711dacb112bfcbbb2a"},
    {file = "nose-1.3.7-py3-none-any.whl", hash = "sha256:9ff7c6cc443f8c51994b34a667bbcf45afd6d945be7477b52e97516fd17c53ac"},
    {file = "nose-1.3.7.tar.gz", hash = "sha256:f1bffef9cbc82628f6e7d7b40d7e255aefaa1adb6a1b1d26c69a8b79e6208a98"},
]

[[package]]
name = "numpy"
version = "1.24.3"
description = "Fundamental package for array computing in Python"
category = "main"
optional = false
python-versions = ">=3.8"
files = [
    {file = "numpy-1.24.3-cp310-cp310-macosx_10_9_x86_64.whl", hash = "sha256:3c1104d3c036fb81ab923f507536daedc718d0ad5a8707c6061cdfd6d184e570"},
    {file = "numpy-1.24.3-cp310-cp310-macosx_11_0_arm64.whl", hash = "sha256:202de8f38fc4a45a3eea4b63e2f376e5f2dc64ef0fa692838e31a808520efaf7"},
    {file = "numpy-1.24.3-cp310-cp310-manylinux_2_17_aarch64.manylinux2014_aarch64.whl", hash = "sha256:8535303847b89aa6b0f00aa1dc62867b5a32923e4d1681a35b5eef2d9591a463"},
    {file = "numpy-1.24.3-cp310-cp310-manylinux_2_17_x86_64.manylinux2014_x86_64.whl", hash = "sha256:2d926b52ba1367f9acb76b0df6ed21f0b16a1ad87c6720a1121674e5cf63e2b6"},
    {file = "numpy-1.24.3-cp310-cp310-win32.whl", hash = "sha256:f21c442fdd2805e91799fbe044a7b999b8571bb0ab0f7850d0cb9641a687092b"},
    {file = "numpy-1.24.3-cp310-cp310-win_amd64.whl", hash = "sha256:ab5f23af8c16022663a652d3b25dcdc272ac3f83c3af4c02eb8b824e6b3ab9d7"},
    {file = "numpy-1.24.3-cp311-cp311-macosx_10_9_x86_64.whl", hash = "sha256:9a7721ec204d3a237225db3e194c25268faf92e19338a35f3a224469cb6039a3"},
    {file = "numpy-1.24.3-cp311-cp311-macosx_11_0_arm64.whl", hash = "sha256:d6cc757de514c00b24ae8cf5c876af2a7c3df189028d68c0cb4eaa9cd5afc2bf"},
    {file = "numpy-1.24.3-cp311-cp311-manylinux_2_17_aarch64.manylinux2014_aarch64.whl", hash = "sha256:76e3f4e85fc5d4fd311f6e9b794d0c00e7002ec122be271f2019d63376f1d385"},
    {file = "numpy-1.24.3-cp311-cp311-manylinux_2_17_x86_64.manylinux2014_x86_64.whl", hash = "sha256:a1d3c026f57ceaad42f8231305d4653d5f05dc6332a730ae5c0bea3513de0950"},
    {file = "numpy-1.24.3-cp311-cp311-win32.whl", hash = "sha256:c91c4afd8abc3908e00a44b2672718905b8611503f7ff87390cc0ac3423fb096"},
    {file = "numpy-1.24.3-cp311-cp311-win_amd64.whl", hash = "sha256:5342cf6aad47943286afa6f1609cad9b4266a05e7f2ec408e2cf7aea7ff69d80"},
    {file = "numpy-1.24.3-cp38-cp38-macosx_10_9_x86_64.whl", hash = "sha256:7776ea65423ca6a15255ba1872d82d207bd1e09f6d0894ee4a64678dd2204078"},
    {file = "numpy-1.24.3-cp38-cp38-macosx_11_0_arm64.whl", hash = "sha256:ae8d0be48d1b6ed82588934aaaa179875e7dc4f3d84da18d7eae6eb3f06c242c"},
    {file = "numpy-1.24.3-cp38-cp38-manylinux_2_17_aarch64.manylinux2014_aarch64.whl", hash = "sha256:ecde0f8adef7dfdec993fd54b0f78183051b6580f606111a6d789cd14c61ea0c"},
    {file = "numpy-1.24.3-cp38-cp38-manylinux_2_17_x86_64.manylinux2014_x86_64.whl", hash = "sha256:4749e053a29364d3452c034827102ee100986903263e89884922ef01a0a6fd2f"},
    {file = "numpy-1.24.3-cp38-cp38-win32.whl", hash = "sha256:d933fabd8f6a319e8530d0de4fcc2e6a61917e0b0c271fded460032db42a0fe4"},
    {file = "numpy-1.24.3-cp38-cp38-win_amd64.whl", hash = "sha256:56e48aec79ae238f6e4395886b5eaed058abb7231fb3361ddd7bfdf4eed54289"},
    {file = "numpy-1.24.3-cp39-cp39-macosx_10_9_x86_64.whl", hash = "sha256:4719d5aefb5189f50887773699eaf94e7d1e02bf36c1a9d353d9f46703758ca4"},
    {file = "numpy-1.24.3-cp39-cp39-macosx_11_0_arm64.whl", hash = "sha256:0ec87a7084caa559c36e0a2309e4ecb1baa03b687201d0a847c8b0ed476a7187"},
    {file = "numpy-1.24.3-cp39-cp39-manylinux_2_17_aarch64.manylinux2014_aarch64.whl", hash = "sha256:ea8282b9bcfe2b5e7d491d0bf7f3e2da29700cec05b49e64d6246923329f2b02"},
    {file = "numpy-1.24.3-cp39-cp39-manylinux_2_17_x86_64.manylinux2014_x86_64.whl", hash = "sha256:210461d87fb02a84ef243cac5e814aad2b7f4be953b32cb53327bb49fd77fbb4"},
    {file = "numpy-1.24.3-cp39-cp39-win32.whl", hash = "sha256:784c6da1a07818491b0ffd63c6bbe5a33deaa0e25a20e1b3ea20cf0e43f8046c"},
    {file = "numpy-1.24.3-cp39-cp39-win_amd64.whl", hash = "sha256:d5036197ecae68d7f491fcdb4df90082b0d4960ca6599ba2659957aafced7c17"},
    {file = "numpy-1.24.3-pp38-pypy38_pp73-macosx_10_9_x86_64.whl", hash = "sha256:352ee00c7f8387b44d19f4cada524586f07379c0d49270f87233983bc5087ca0"},
    {file = "numpy-1.24.3-pp38-pypy38_pp73-manylinux_2_17_x86_64.manylinux2014_x86_64.whl", hash = "sha256:1a7d6acc2e7524c9955e5c903160aa4ea083736fde7e91276b0e5d98e6332812"},
    {file = "numpy-1.24.3-pp38-pypy38_pp73-win_amd64.whl", hash = "sha256:35400e6a8d102fd07c71ed7dcadd9eb62ee9a6e84ec159bd48c28235bbb0f8e4"},
    {file = "numpy-1.24.3.tar.gz", hash = "sha256:ab344f1bf21f140adab8e47fdbc7c35a477dc01408791f8ba00d018dd0bc5155"},
]

[[package]]
name = "psutil"
version = "5.9.5"
description = "Cross-platform lib for process and system monitoring in Python."
category = "main"
optional = false
python-versions = ">=2.7, !=3.0.*, !=3.1.*, !=3.2.*, !=3.3.*"
files = [
    {file = "psutil-5.9.5-cp27-cp27m-macosx_10_9_x86_64.whl", hash = "sha256:be8929ce4313f9f8146caad4272f6abb8bf99fc6cf59344a3167ecd74f4f203f"},
    {file = "psutil-5.9.5-cp27-cp27m-manylinux2010_i686.whl", hash = "sha256:ab8ed1a1d77c95453db1ae00a3f9c50227ebd955437bcf2a574ba8adbf6a74d5"},
    {file = "psutil-5.9.5-cp27-cp27m-manylinux2010_x86_64.whl", hash = "sha256:4aef137f3345082a3d3232187aeb4ac4ef959ba3d7c10c33dd73763fbc063da4"},
    {file = "psutil-5.9.5-cp27-cp27mu-manylinux2010_i686.whl", hash = "sha256:ea8518d152174e1249c4f2a1c89e3e6065941df2fa13a1ab45327716a23c2b48"},
    {file = "psutil-5.9.5-cp27-cp27mu-manylinux2010_x86_64.whl", hash = "sha256:acf2aef9391710afded549ff602b5887d7a2349831ae4c26be7c807c0a39fac4"},
    {file = "psutil-5.9.5-cp27-none-win32.whl", hash = "sha256:5b9b8cb93f507e8dbaf22af6a2fd0ccbe8244bf30b1baad6b3954e935157ae3f"},
    {file = "psutil-5.9.5-cp27-none-win_amd64.whl", hash = "sha256:8c5f7c5a052d1d567db4ddd231a9d27a74e8e4a9c3f44b1032762bd7b9fdcd42"},
    {file = "psutil-5.9.5-cp36-abi3-macosx_10_9_x86_64.whl", hash = "sha256:3c6f686f4225553615612f6d9bc21f1c0e305f75d7d8454f9b46e901778e7217"},
    {file = "psutil-5.9.5-cp36-abi3-manylinux_2_12_i686.manylinux2010_i686.manylinux_2_17_i686.manylinux2014_i686.whl", hash = "sha256:7a7dd9997128a0d928ed4fb2c2d57e5102bb6089027939f3b722f3a210f9a8da"},
    {file = "psutil-5.9.5-cp36-abi3-manylinux_2_12_x86_64.manylinux2010_x86_64.manylinux_2_17_x86_64.manylinux2014_x86_64.whl", hash = "sha256:89518112647f1276b03ca97b65cc7f64ca587b1eb0278383017c2a0dcc26cbe4"},
    {file = "psutil-5.9.5-cp36-abi3-win32.whl", hash = "sha256:104a5cc0e31baa2bcf67900be36acde157756b9c44017b86b2c049f11957887d"},
    {file = "psutil-5.9.5-cp36-abi3-win_amd64.whl", hash = "sha256:b258c0c1c9d145a1d5ceffab1134441c4c5113b2417fafff7315a917a026c3c9"},
    {file = "psutil-5.9.5-cp38-abi3-macosx_11_0_arm64.whl", hash = "sha256:c607bb3b57dc779d55e1554846352b4e358c10fff3abf3514a7a6601beebdb30"},
    {file = "psutil-5.9.5.tar.gz", hash = "sha256:5410638e4df39c54d957fc51ce03048acd8e6d60abc0f5107af51e5fb566eb3c"},
]

[package.extras]
test = ["enum34", "ipaddress", "mock", "pywin32", "wmi"]

[[package]]
name = "pyaudio"
version = "0.2.13"
description = "Cross-platform audio I/O with PortAudio"
category = "main"
optional = false
python-versions = "*"
files = [
    {file = "PyAudio-0.2.13-cp310-cp310-win32.whl", hash = "sha256:48e29537ea22ae2ae323eebe297bfb2683831cee4f20d96964e131f65ab2161d"},
    {file = "PyAudio-0.2.13-cp310-cp310-win_amd64.whl", hash = "sha256:87137cfd0ef8608a2a383be3f6996f59505e322dab9d16531f14cf542fa294f1"},
    {file = "PyAudio-0.2.13-cp311-cp311-win32.whl", hash = "sha256:13915faaa780e6bbbb6d745ef0e761674fd461b1b1b3f9c1f57042a534bfc0c3"},
    {file = "PyAudio-0.2.13-cp311-cp311-win_amd64.whl", hash = "sha256:59cc3cc5211b729c7854e3989058a145872cc58b1a7b46c6d4d88448a343d890"},
    {file = "PyAudio-0.2.13-cp37-cp37m-win32.whl", hash = "sha256:d294e3f85b2238649b1ff49ce3412459a8a312569975a89d14646536362d7576"},
    {file = "PyAudio-0.2.13-cp37-cp37m-win_amd64.whl", hash = "sha256:ff7f5e44ef51fe61da1e09c6f632f0b5808198edd61b363855cc7dd03bf4a8ac"},
    {file = "PyAudio-0.2.13-cp38-cp38-win32.whl", hash = "sha256:c6b302b048c054b7463936d8ba884b73877dc47012f3c94665dba92dd658ae04"},
    {file = "PyAudio-0.2.13-cp38-cp38-win_amd64.whl", hash = "sha256:1505d766ee718df6f5a18b73ac42307ba1cb4d2c0397873159254a34f67515d6"},
    {file = "PyAudio-0.2.13-cp39-cp39-win32.whl", hash = "sha256:eb128e4a6ea9b98d9a31f33c44978885af27dbe8ae53d665f8790cbfe045517e"},
    {file = "PyAudio-0.2.13-cp39-cp39-win_amd64.whl", hash = "sha256:910ef09225cce227adbba92622d4a3e3c8375117f7dd64039f287d9ffc0e02a1"},
    {file = "PyAudio-0.2.13.tar.gz", hash = "sha256:26bccc81e4243d1c0ff5487e6b481de6329fcd65c79365c267cef38f363a2b56"},
]

[package.extras]
test = ["numpy"]

[[package]]
name = "pyqt5"
version = "5.15.9"
description = "Python bindings for the Qt cross platform application toolkit"
category = "main"
optional = false
python-versions = ">=3.7"
files = [
    {file = "PyQt5-5.15.9-cp37-abi3-macosx_10_13_x86_64.whl", hash = "sha256:883ba5c8a348be78c8be6a3d3ba014c798e679503bce00d76c666c2dc6afe828"},
    {file = "PyQt5-5.15.9-cp37-abi3-manylinux_2_17_x86_64.whl", hash = "sha256:dd5ce10e79fbf1df29507d2daf99270f2057cdd25e4de6fbf2052b46c652e3a5"},
    {file = "PyQt5-5.15.9-cp37-abi3-win32.whl", hash = "sha256:e45c5cc15d4fd26ab5cb0e5cdba60691a3e9086411f8e3662db07a5a4222a696"},
    {file = "PyQt5-5.15.9-cp37-abi3-win_amd64.whl", hash = "sha256:e030d795df4cbbfcf4f38b18e2e119bcc9e177ef658a5094b87bb16cac0ce4c5"},
    {file = "PyQt5-5.15.9.tar.gz", hash = "sha256:dc41e8401a90dc3e2b692b411bd5492ab559ae27a27424eed4bd3915564ec4c0"},
]

[package.dependencies]
PyQt5-Qt5 = ">=5.15.2"
PyQt5-sip = ">=12.11,<13"

[[package]]
name = "pyqt5-qt5"
version = "5.15.2"
description = "The subset of a Qt installation needed by PyQt5."
category = "main"
optional = false
python-versions = "*"
files = [
    {file = "PyQt5_Qt5-5.15.2-py3-none-macosx_10_13_intel.whl", hash = "sha256:76980cd3d7ae87e3c7a33bfebfaee84448fd650bad6840471d6cae199b56e154"},
    {file = "PyQt5_Qt5-5.15.2-py3-none-manylinux2014_x86_64.whl", hash = "sha256:1988f364ec8caf87a6ee5d5a3a5210d57539988bf8e84714c7d60972692e2f4a"},
    {file = "PyQt5_Qt5-5.15.2-py3-none-win32.whl", hash = "sha256:9cc7a768b1921f4b982ebc00a318ccb38578e44e45316c7a4a850e953e1dd327"},
    {file = "PyQt5_Qt5-5.15.2-py3-none-win_amd64.whl", hash = "sha256:750b78e4dba6bdf1607febedc08738e318ea09e9b10aea9ff0d73073f11f6962"},
]

[[package]]
name = "pyqt5-sip"
version = "12.12.1"
description = "The sip module support for PyQt5"
category = "main"
optional = false
python-versions = ">=3.7"
files = [
    {file = "PyQt5_sip-12.12.1-cp310-cp310-macosx_10_9_universal2.whl", hash = "sha256:7ed598ff1b666f9e5e0214be7840f308f8fb347fe416a2a45fbedab046a7120b"},
    {file = "PyQt5_sip-12.12.1-cp310-cp310-manylinux_2_5_x86_64.manylinux1_x86_64.whl", hash = "sha256:644310dcfed4373075bc576717eea60b0f49899beb5cffb204ddaf5f27cddb85"},
    {file = "PyQt5_sip-12.12.1-cp310-cp310-win32.whl", hash = "sha256:51720277a53d99bac0914fb970970c9c2ec1a6ab3b7cc5580909d37d9cc6b152"},
    {file = "PyQt5_sip-12.12.1-cp310-cp310-win_amd64.whl", hash = "sha256:2a344855b9c57d37cf000afa46967961122fb1867faee4f53054ebaa1ce51e24"},
    {file = "PyQt5_sip-12.12.1-cp311-cp311-macosx_10_9_universal2.whl", hash = "sha256:59229c8d30141220a472ba4e4212846e8bf0bed84c32cbeb57f70fe727c6dfc2"},
    {file = "PyQt5_sip-12.12.1-cp311-cp311-manylinux_2_5_x86_64.manylinux1_x86_64.whl", hash = "sha256:5a9cbcfe8c15d3a34ef33570f0b0130b8ba68b98fd6ec92c28202b186f3ab870"},
    {file = "PyQt5_sip-12.12.1-cp311-cp311-win32.whl", hash = "sha256:7afc6ec06e79a3e0a7b447e28ef46dad372bdca32e7eff0dcbac6bc53b69a070"},
    {file = "PyQt5_sip-12.12.1-cp311-cp311-win_amd64.whl", hash = "sha256:b5b7a6c76fe3eb6b245ac6599c807b18e9a718167878a0b547db1d071a914c08"},
    {file = "PyQt5_sip-12.12.1-cp37-cp37m-macosx_10_9_x86_64.whl", hash = "sha256:3dad0b2bbe0bae4916e43610186d425cd186469b2e6c7ff853177c113b6af6ed"},
    {file = "PyQt5_sip-12.12.1-cp37-cp37m-manylinux_2_5_x86_64.manylinux1_x86_64.whl", hash = "sha256:d1378815b15198ce6dddd367fbd81f5c018ce473a89ae938b7a58e1d97f25b10"},
    {file = "PyQt5_sip-12.12.1-cp37-cp37m-win32.whl", hash = "sha256:2e3d444f5cb81261c22e7c9d3a9a4484bb9db7a1a3077559100175d36297d1da"},
    {file = "PyQt5_sip-12.12.1-cp37-cp37m-win_amd64.whl", hash = "sha256:eee684532876775e1d0fa20d4aae1b568aaa6c732d74e6657ee832e427d46947"},
    {file = "PyQt5_sip-12.12.1-cp38-cp38-macosx_10_9_x86_64.whl", hash = "sha256:1364f460ae07fc2f4c42dd7a3b3738611b29f5c033025e5e70b03e2687d4bda4"},
    {file = "PyQt5_sip-12.12.1-cp38-cp38-manylinux_2_5_x86_64.manylinux1_x86_64.whl", hash = "sha256:6cb6139b00e347e7d961467d092e67c47a97893bc6ab83104bcaf50bf4815036"},
    {file = "PyQt5_sip-12.12.1-cp38-cp38-win32.whl", hash = "sha256:9e21e11eb6fb468affe0d72ff922788c2adc124480bb274941fce93ddb122b8f"},
    {file = "PyQt5_sip-12.12.1-cp38-cp38-win_amd64.whl", hash = "sha256:f5ac060219c127a5b9009a4cfe33086e36c6bb8e26c0b757b31a6c04d29d630d"},
    {file = "PyQt5_sip-12.12.1-cp39-cp39-macosx_10_9_universal2.whl", hash = "sha256:a65f5869f3f35330c920c1b218319140c0b84f8c49a20727b5e3df2acd496833"},
    {file = "PyQt5_sip-12.12.1-cp39-cp39-manylinux_2_5_x86_64.manylinux1_x86_64.whl", hash = "sha256:e0241b62f5ca9aaff1037f12e6f5ed68168e7200e14e73f05b632381cee0ff4b"},
    {file = "PyQt5_sip-12.12.1-cp39-cp39-win32.whl", hash = "sha256:0e30f6c9b99161d8a524d8b7aa5a001be5fe002797151c27414066b838beaa4e"},
    {file = "PyQt5_sip-12.12.1-cp39-cp39-win_amd64.whl", hash = "sha256:8a2e48a331024a225128f94f5d0fb8089e924419693b2e03eda4d5dbc4313b52"},
    {file = "PyQt5_sip-12.12.1.tar.gz", hash = "sha256:8fdc6e0148abd12d977a1d3828e7b79aae958e83c6cb5adae614916d888a6b10"},
]

[[package]]
name = "pyqtgraph"
version = "0.13.3"
description = "Scientific Graphics and GUI Library for Python"
category = "main"
optional = false
python-versions = ">=3.8"
files = [
    {file = "pyqtgraph-0.13.3-py3-none-any.whl", hash = "sha256:fdcc04ac4b32a7bedf1bf3cf74cbb93ab3ba5687791712bbfa8d0712377d2f2b"},
    {file = "pyqtgraph-0.13.3.tar.gz", hash = "sha256:58108d8411c7054e0841d8b791ee85e101fc296b9b359c0e01dde38a98ff2ace"},
]

[package.dependencies]
numpy = ">=1.20.0"

[[package]]
name = "pysine"
version = "0.9.2"
description = "Allows to play single tones on the PyAudio sound output in real time"
category = "main"
optional = false
python-versions = "*"
files = [
    {file = "pysine-0.9.2-py2.py3-none-any.whl", hash = "sha256:9ec0264bcc8acdf6e95f08dd2fbdc2c2fe8af263b0e4983f121bd677eb61f536"},
    {file = "pysine-0.9.2.tar.gz", hash = "sha256:574853e257d05482d2396422f28a4723903d35d195df09d0e400d7cd6c6fb23f"},
]

[package.dependencies]
mock = "*"
nose = ">=1.0"
numpy = "*"
pyaudio = "*"

[[package]]
name = "scipy"
version = "1.10.1"
description = "Fundamental algorithms for scientific computing in Python"
category = "main"
optional = false
python-versions = "<3.12,>=3.8"
files = [
    {file = "scipy-1.10.1-cp310-cp310-macosx_10_9_x86_64.whl", hash = "sha256:e7354fd7527a4b0377ce55f286805b34e8c54b91be865bac273f527e1b839019"},
    {file = "scipy-1.10.1-cp310-cp310-macosx_12_0_arm64.whl", hash = "sha256:4b3f429188c66603a1a5c549fb414e4d3bdc2a24792e061ffbd607d3d75fd84e"},
    {file = "scipy-1.10.1-cp310-cp310-manylinux_2_17_aarch64.manylinux2014_aarch64.whl", hash = "sha256:1553b5dcddd64ba9a0d95355e63fe6c3fc303a8fd77c7bc91e77d61363f7433f"},
    {file = "scipy-1.10.1-cp310-cp310-manylinux_2_17_x86_64.manylinux2014_x86_64.whl", hash = "sha256:4c0ff64b06b10e35215abce517252b375e580a6125fd5fdf6421b98efbefb2d2"},
    {file = "scipy-1.10.1-cp310-cp310-win_amd64.whl", hash = "sha256:fae8a7b898c42dffe3f7361c40d5952b6bf32d10c4569098d276b4c547905ee1"},
    {file = "scipy-1.10.1-cp311-cp311-macosx_10_9_x86_64.whl", hash = "sha256:0f1564ea217e82c1bbe75ddf7285ba0709ecd503f048cb1236ae9995f64217bd"},
    {file = "scipy-1.10.1-cp311-cp311-macosx_12_0_arm64.whl", hash = "sha256:d925fa1c81b772882aa55bcc10bf88324dadb66ff85d548c71515f6689c6dac5"},
    {file = "scipy-1.10.1-cp311-cp311-manylinux_2_17_aarch64.manylinux2014_aarch64.whl", hash = "sha256:aaea0a6be54462ec027de54fca511540980d1e9eea68b2d5c1dbfe084797be35"},
    {file = "scipy-1.10.1-cp311-cp311-manylinux_2_17_x86_64.manylinux2014_x86_64.whl", hash = "sha256:15a35c4242ec5f292c3dd364a7c71a61be87a3d4ddcc693372813c0b73c9af1d"},
    {file = "scipy-1.10.1-cp311-cp311-win_amd64.whl", hash = "sha256:43b8e0bcb877faf0abfb613d51026cd5cc78918e9530e375727bf0625c82788f"},
    {file = "scipy-1.10.1-cp38-cp38-macosx_10_9_x86_64.whl", hash = "sha256:5678f88c68ea866ed9ebe3a989091088553ba12c6090244fdae3e467b1139c35"},
    {file = "scipy-1.10.1-cp38-cp38-macosx_12_0_arm64.whl", hash = "sha256:39becb03541f9e58243f4197584286e339029e8908c46f7221abeea4b749fa88"},
    {file = "scipy-1.10.1-cp38-cp38-manylinux_2_17_aarch64.manylinux2014_aarch64.whl", hash = "sha256:bce5869c8d68cf383ce240e44c1d9ae7c06078a9396df68ce88a1230f93a30c1"},
    {file = "scipy-1.10.1-cp38-cp38-manylinux_2_17_x86_64.manylinux2014_x86_64.whl", hash = "sha256:07c3457ce0b3ad5124f98a86533106b643dd811dd61b548e78cf4c8786652f6f"},
    {file = "scipy-1.10.1-cp38-cp38-win_amd64.whl", hash = "sha256:049a8bbf0ad95277ffba9b3b7d23e5369cc39e66406d60422c8cfef40ccc8415"},
    {file = "scipy-1.10.1-cp39-cp39-macosx_10_9_x86_64.whl", hash = "sha256:cd9f1027ff30d90618914a64ca9b1a77a431159df0e2a195d8a9e8a04c78abf9"},
    {file = "scipy-1.10.1-cp39-cp39-macosx_12_0_arm64.whl", hash = "sha256:79c8e5a6c6ffaf3a2262ef1be1e108a035cf4f05c14df56057b64acc5bebffb6"},
    {file = "scipy-1.10.1-cp39-cp39-manylinux_2_17_aarch64.manylinux2014_aarch64.whl", hash = "sha256:51af417a000d2dbe1ec6c372dfe688e041a7084da4fdd350aeb139bd3fb55353"},
    {file = "scipy-1.10.1-cp39-cp39-manylinux_2_17_x86_64.manylinux2014_x86_64.whl", hash = "sha256:1b4735d6c28aad3cdcf52117e0e91d6b39acd4272f3f5cd9907c24ee931ad601"},
    {file = "scipy-1.10.1-cp39-cp39-win_amd64.whl", hash = "sha256:7ff7f37b1bf4417baca958d254e8e2875d0cc23aaadbe65b3d5b3077b0eb23ea"},
    {file = "scipy-1.10.1.tar.gz", hash = "sha256:2cf9dfb80a7b4589ba4c40ce7588986d6d5cebc5457cad2c2880f6bc2d42f3a5"},
]

[package.dependencies]
numpy = ">=1.19.5,<1.27.0"

[package.extras]
dev = ["click", "doit (>=0.36.0)", "flake8", "mypy", "pycodestyle", "pydevtool", "rich-click", "typing_extensions"]
doc = ["matplotlib (>2)", "numpydoc", "pydata-sphinx-theme (==0.9.0)", "sphinx (!=4.1.0)", "sphinx-design (>=0.2.0)"]
test = ["asv", "gmpy2", "mpmath", "pooch", "pytest", "pytest-cov", "pytest-timeout", "pytest-xdist", "scikit-umfpack", "threadpoolctl"]

[metadata]
lock-version = "2.0"
python-versions = "3.11.1"
content-hash = "e3ceff5c6683be7c159f10174e87b7cf23de641de081b7c139bfdc2b89b5c12d"
